<?xml version="1.0"?>
<CONFIG>
  <ProjectOptions>
    <Version Value="9"/>
    <PathDelim Value="\"/>
    <General>
      <Flags>
        <MainUnitHasCreateFormStatements Value="False"/>
      </Flags>
      <MainUnit Value="0"/>
      <Title Value="Pacman"/>
      <ResourceType Value="res"/>
      <UseXPManifest Value="True"/>
      <XPManifest>
        <DpiAware Value="True"/>
      </XPManifest>
      <Icon Value="0"/>
      <ActiveWindowIndexAtStart Value="0"/>
    </General>
    <i18n>
      <EnableI18N LFM="False"/>
    </i18n>
    <VersionInfo>
      <UseVersionInfo Value="True"/>
      <MajorVersionNr Value="1"/>
      <StringTable ProductVersion=""/>
    </VersionInfo>
    <BuildModes Count="1" Active="Default">
      <Item1 Name="Default" Default="True"/>
    </BuildModes>
    <PublishOptions>
      <Version Value="2"/>
      <IncludeFileFilter Value="*.(pas|pp|inc|lfm|lpr|lrs|lpi|lpk|sh|xml)"/>
      <ExcludeFileFilter Value="*.(bak|ppu|o|so);*~;backup"/>
    </PublishOptions>
    <RunParams>
      <local>
        <FormatVersion Value="1"/>
      </local>
    </RunParams>
    <Units Count="1">
      <Unit0>
        <Filename Value="Pacman.pas"/>
        <IsPartOfProject Value="True"/>
        <UnitName Value="Pacman"/>
        <IsVisibleTab Value="True"/>
        <EditorIndex Value="0"/>
        <WindowIndex Value="0"/>
        <TopLine Value="549"/>
        <CursorPos X="26" Y="567"/>
        <FoldState Value=" T3I0902311L"/>
        <UsageCount Value="44"/>
        <Loaded Value="True"/>
      </Unit0>
    </Units>
    <JumpHistory Count="30" HistoryIndex="29">
      <Position1>
        <Filename Value="pacman.pas"/>
        <Caret Line="274" Column="29" TopLine="248"/>
      </Position1>
      <Position2>
        <Filename Value="pacman.pas"/>
        <Caret Line="275" Column="9" TopLine="255"/>
      </Position2>
      <Position3>
        <Filename Value="pacman.pas"/>
        <Caret Line="298" Column="7" TopLine="277"/>
      </Position3>
      <Position4>
        <Filename Value="pacman.pas"/>
        <Caret Line="275" Column="11" TopLine="257"/>
      </Position4>
      <Position5>
        <Filename Value="pacman.pas"/>
        <Caret Line="277" Column="5" TopLine="258"/>
      </Position5>
      <Position6>
        <Filename Value="pacman.pas"/>
        <Caret Line="292" Column="19" TopLine="274"/>
      </Position6>
      <Position7>
        <Filename Value="pacman.pas"/>
        <Caret Line="342" Column="11" TopLine="330"/>
      </Position7>
      <Position8>
        <Filename Value="pacman.pas"/>
        <Caret Line="335" Column="25" TopLine="321"/>
      </Position8>
      <Position9>
        <Filename Value="pacman.pas"/>
        <Caret Line="281" Column="9" TopLine="259"/>
      </Position9>
      <Position10>
        <Filename Value="pacman.pas"/>
        <Caret Line="221" Column="23" TopLine="14"/>
      </Position10>
      <Position11>
        <Filename Value="pacman.pas"/>
        <Caret Line="127" Column="17" TopLine="113"/>
      </Position11>
      <Position12>
        <Filename Value="pacman.pas"/>
        <Caret Line="423" Column="31" TopLine="119"/>
      </Position12>
      <Position13>
        <Filename Value="pacman.pas"/>
        <Caret Line="399" Column="21" TopLine="395"/>
      </Position13>
      <Position14>
        <Filename Value="pacman.pas"/>
        <Caret Line="410" Column="23" TopLine="392"/>
      </Position14>
      <Position15>
        <Filename Value="Pacman.pas"/>
        <Caret Line="438" Column="11" TopLine="216"/>
      </Position15>
      <Position16>
        <Filename Value="Pacman.pas"/>
        <Caret Line="436" Column="13" TopLine="422"/>
      </Position16>
      <Position17>
        <Filename Value="Pacman.pas"/>
        <Caret Line="388" Column="20" TopLine="378"/>
      </Position17>
      <Position18>
        <Filename Value="Pacman.pas"/>
        <Caret Line="371" Column="21" TopLine="359"/>
      </Position18>
      <Position19>
        <Filename Value="Pacman.pas"/>
        <Caret Line="141" Column="27" TopLine="128"/>
      </Position19>
      <Position20>
        <Filename Value="Pacman.pas"/>
        <Caret Line="594" Column="18" TopLine="570"/>
      </Position20>
      <Position21>
        <Filename Value="Pacman.pas"/>
        <Caret Line="81" Column="20" TopLine="29"/>
      </Position21>
      <Position22>
        <Filename Value="Pacman.pas"/>
        <Caret Line="635" Column="24" TopLine="606"/>
      </Position22>
      <Position23>
        <Filename Value="Pacman.pas"/>
        <Caret Line="85" Column="1" TopLine="4"/>
      </Position23>
      <Position24>
        <Filename Value="Pacman.pas"/>
        <Caret Line="77" Column="5" TopLine="44"/>
      </Position24>
      <Position25>
        <Filename Value="Pacman.pas"/>
        <Caret Line="90" Column="7" TopLine="113"/>
      </Position25>
      <Position26>
        <Filename Value="Pacman.pas"/>
        <Caret Line="139" Column="7" TopLine="125"/>
      </Position26>
      <Position27>
        <Filename Value="Pacman.pas"/>
        <Caret Line="528" Column="20" TopLine="511"/>
      </Position27>
      <Position28>
        <Filename Value="Pacman.pas"/>
        <Caret Line="529" Column="38" TopLine="508"/>
      </Position28>
      <Position29>
        <Filename Value="Pacman.pas"/>
        <Caret Line="524" Column="17" TopLine="510"/>
      </Position29>
      <Position30>
        <Filename Value="Pacman.pas"/>
        <Caret Line="572" Column="19" TopLine="556"/>
      </Position30>
    </JumpHistory>
  </ProjectOptions>
  <CompilerOptions>
    <Version Value="11"/>
    <PathDelim Value="\"/>
    <Target>
      <Filename Value="Pacman"/>
    </Target>
    <SearchPaths>
      <IncludeFiles Value="$(ProjOutDir)"/>
      <UnitOutputDirectory Value="lib\$(TargetCPU)-$(TargetOS)"/>
    </SearchPaths>
    <Other>
      <CompilerMessages>
        <UseMsgFile Value="True"/>
      </CompilerMessages>
      <CompilerPath Value="$(CompPath)"/>
    </Other>
  </CompilerOptions>
  <Debugging>
    <Exceptions Count="3">
      <Item1>
        <Name Value="EAbort"/>
      </Item1>
      <Item2>
        <Name Value="ECodetoolError"/>
      </Item2>
      <Item3>
        <Name Value="EFOpenError"/>
      </Item3>
    </Exceptions>
  </Debugging>
</CONFIG>
